
Microsoft Visual Studio Solution File, Format Version 12.00
# Visual Studio Version 16
VisualStudioVersion = 16.0.31321.278
MinimumVisualStudioVersion = 10.0.40219.1
Project("{8BC9CEB8-8B4A-11D0-8D11-00A0C91BC942}") = "Lab012add", "Lab012add\Lab012add.vcxproj", "{13AFBB89-40E2-4ABB-B249-C2F92B6568CC}"
EndProject
Global
	GlobalSection(SolutionConfigurationPlatforms) = preSolution
		Debug|x64 = Debug|x64
		Debug|x86 = Debug|x86
		Release|x64 = Release|x64
		Release|x86 = Release|x86
	EndGlobalSection
	GlobalSection(ProjectConfigurationPlatforms) = postSolution
		{13AFBB89-40E2-4ABB-B249-C2F92B6568CC}.Debug|x64.ActiveCfg = Debug|x64
		{13AFBB89-40E2-4ABB-B249-C2F92B6568CC}.Debug|x64.Build.0 = Debug|x64
		{13AFBB89-40E2-4ABB-B249-C2F92B6568CC}.Debug|x86.ActiveCfg = Debug|Win32
		{13AFBB89-40E2-4ABB-B249-C2F92B6568CC}.Debug|x86.Build.0 = Debug|Win32
		{13AFBB89-40E2-4ABB-B249-C2F92B6568CC}.Release|x64.ActiveCfg = Release|x64
		{13AFBB89-40E2-4ABB-B249-C2F92B6568CC}.Release|x64.Build.0 = Release|x64
		{13AFBB89-40E2-4ABB-B249-C2F92B6568CC}.Release|x86.ActiveCfg = Release|Win32
		{13AFBB89-40E2-4ABB-B249-C2F92B6568CC}.Release|x86.Build.0 = Release|Win32
	EndGlobalSection
	GlobalSection(SolutionProperties) = preSolution
		HideSolutionNode = FALSE
	EndGlobalSection
	GlobalSection(ExtensibilityGlobals) = postSolution
		SolutionGuid = {B23D3831-DEA0-4797-AAAF-BA3802E21059}
	EndGlobalSection
EndGlobal
